
Microsoft Visual Studio Solution File, Format Version 12.00
# Visual Studio Version 16
VisualStudioVersion = 16.0.30717.126
MinimumVisualStudioVersion = 10.0.40219.1
Project("{8BC9CEB8-8B4A-11D0-8D11-00A0C91BC942}") = "Differenciator", "Differenciator.vcxproj", "{24262802-61D2-4EFD-BC26-12B7C9BBF303}"
EndProject
Global
	GlobalSection(SolutionConfigurationPlatforms) = preSolution
		Debug|x64 = Debug|x64
		Debug|x86 = Debug|x86
		Release|x64 = Release|x64
		Release|x86 = Release|x86
	EndGlobalSection
	GlobalSection(ProjectConfigurationPlatforms) = postSolution
		{24262802-61D2-4EFD-BC26-12B7C9BBF303}.Debug|x64.ActiveCfg = Debug|x64
		{24262802-61D2-4EFD-BC26-12B7C9BBF303}.Debug|x64.Build.0 = Debug|x64
		{24262802-61D2-4EFD-BC26-12B7C9BBF303}.Debug|x86.ActiveCfg = Debug|Win32
		{24262802-61D2-4EFD-BC26-12B7C9BBF303}.Debug|x86.Build.0 = Debug|Win32
		{24262802-61D2-4EFD-BC26-12B7C9BBF303}.Release|x64.ActiveCfg = Release|x64
		{24262802-61D2-4EFD-BC26-12B7C9BBF303}.Release|x64.Build.0 = Release|x64
		{24262802-61D2-4EFD-BC26-12B7C9BBF303}.Release|x86.ActiveCfg = Release|Win32
		{24262802-61D2-4EFD-BC26-12B7C9BBF303}.Release|x86.Build.0 = Release|Win32
	EndGlobalSection
	GlobalSection(SolutionProperties) = preSolution
		HideSolutionNode = FALSE
	EndGlobalSection
	GlobalSection(ExtensibilityGlobals) = postSolution
		SolutionGuid = {D38B140B-63FD-44F0-9806-E2031D8BC5CF}
	EndGlobalSection
EndGlobal
